// !$*UTF8*$!
{
	archiveVersion = 1;
	classes = {
	};
	objectVersion = 50;
	objects = {

/* Begin PBXBuildFile section */
		2930E72F26C7314300DF236E /* PlayerScene.swift in Sources */ = {isa = PBXBuildFile; fileRef = 2930E72E26C7314300DF236E /* PlayerScene.swift */; };
		29DEE75026C730C900E6D1AD /* SpatialAudioTestApp.swift in Sources */ = {isa = PBXBuildFile; fileRef = 29DEE74F26C730C900E6D1AD /* SpatialAudioTestApp.swift */; };
		29DEE75226C730C900E6D1AD /* ContentView.swift in Sources */ = {isa = PBXBuildFile; fileRef = 29DEE75126C730C900E6D1AD /* ContentView.swift */; };
		29DEE75426C730CA00E6D1AD /* Assets.xcassets in Resources */ = {isa = PBXBuildFile; fileRef = 29DEE75326C730CA00E6D1AD /* Assets.xcassets */; };
		29DEE75726C730CA00E6D1AD /* Preview Assets.xcassets in Resources */ = {isa = PBXBuildFile; fileRef = 29DEE75626C730CA00E6D1AD /* Preview Assets.xcassets */; };
/* End PBXBuildFile section */

/* Begin PBXFileReference section */
		2930E72E26C7314300DF236E /* PlayerScene.swift */ = {isa = PBXFileReference; lastKnownFileType = sourcecode.swift; path = PlayerScene.swift; sourceTree = "<group>"; };
		29DEE74C26C730C900E6D1AD /* SpatialAudioTest.app */ = {isa = PBXFileReference; explicitFileType = wrapper.application; includeInIndex = 0; path = SpatialAudioTest.app; sourceTree = BUILT_PRODUCTS_DIR; };
		29DEE74F26C730C900E6D1AD /* SpatialAudioTestApp.swift */ = {isa = PBXFileReference; lastKnownFileType = sourcecode.swift; path = SpatialAudioTestApp.swift; sourceTree = "<group>"; };
		29DEE75126C730C900E6D1AD /* ContentView.swift */ = {isa = PBXFileReference; lastKnownFileType = sourcecode.swift; path = ContentView.swift; sourceTree = "<group>"; };
		29DEE75326C730CA00E6D1AD /* Assets.xcassets */ = {isa = PBXFileReference; lastKnownFileType = folder.assetcatalog; path = Assets.xcassets; sourceTree = "<group>"; };
		29DEE75626C730CA00E6D1AD /* Preview Assets.xcassets */ = {isa = PBXFileReference; lastKnownFileType = folder.assetcatalog; path = "Preview Assets.xcassets"; sourceTree = "<group>"; };
		29DEE75826C730CA00E6D1AD /* Info.plist */ = {isa = PBXFileReference; lastKnownFileType = text.plist.xml; path = Info.plist; sourceTree = "<group>"; };
/* End PBXFileReference section */

/* Begin PBXFrameworksBuildPhase section */
		29DEE74926C730C900E6D1AD /* Frameworks */ = {
			isa = PBXFrameworksBuildPhase;
			buildActionMask = 2147483647;
			files = (
			);
			runOnlyForDeploymentPostprocessing = 0;
		};
/* End PBXFrameworksBuildPhase section */

/* Begin PBXGroup section */
		29DEE74326C730C900E6D1AD = {
			isa = PBXGroup;
			children = (
				29DEE74E26C730C900E6D1AD /* SpatialAudioTest */,
				29DEE74D26C730C900E6D1AD /* Products */,
			);
			sourceTree = "<group>";
		};
		29DEE74D26C730C900E6D1AD /* Products */ = {
			isa = PBXGroup;
			children = (
				29DEE74C26C730C900E6D1AD /* SpatialAudioTest.app */,
			);
			name = Products;
			sourceTree = "<group>";
		};
		29DEE74E26C730C900E6D1AD /* SpatialAudioTest */ = {
			isa = PBXGroup;
			children = (
				29DEE74F26C730C900E6D1AD /* SpatialAudioTestApp.swift */,
				29DEE75126C730C900E6D1AD /* ContentView.swift */,
				29DEE75326C730CA00E6D1AD /* Assets.xcassets */,
				29DEE75826C730CA00E6D1AD /* Info.plist */,
				29DEE75526C730CA00E6D1AD /* Preview Content */,
				2930E72E26C7314300DF236E /* PlayerScene.swift */,
			);
			path = SpatialAudioTest;
			sourceTree = "<group>";
		};
		29DEE75526C730CA00E6D1AD /* Preview Content */ = {
			isa = PBXGroup;
			children = (
				29DEE75626C730CA00E6D1AD /* Preview Assets.xcassets */,
			);
			path = "Preview Content";
			sourceTree = "<group>";
		};
/* End PBXGroup section */

/* Begin PBXNativeTarget section */
		29DEE74B26C730C900E6D1AD /* SpatialAudioTest */ = {
			isa = PBXNativeTarget;
			buildConfigurationList = 29DEE75B26C730CA00E6D1AD /* Build configuration list for PBXNativeTarget "SpatialAudioTest" */;
			buildPhases = (
				29DEE74826C730C900E6D1AD /* Sources */,
				29DEE74926C730C900E6D1AD /* Frameworks */,
				29DEE74A26C730C900E6D1AD /* Resources */,
			);
			buildRules = (
			);
			dependencies = (
			);
			name = SpatialAudioTest;
			productName = SpatialAudioTest;
			productReference = 29DEE74C26C730C900E6D1AD /* SpatialAudioTest.app */;
			productType = "com.apple.product-type.application";
		};
/* End PBXNativeTarget section */

/* Begin PBXProject section */
		29DEE74426C730C900E6D1AD /* Project object */ = {
			isa = PBXProject;
			attributes = {
				LastSwiftUpdateCheck = 1250;
				LastUpgradeCheck = 1250;
				TargetAttributes = {
					29DEE74B26C730C900E6D1AD = {
						CreatedOnToolsVersion = 12.5.1;
					};
				};
			};
			buildConfigurationList = 29DEE74726C730C900E6D1AD /* Build configuration list for PBXProject "SpatialAudioTest" */;
			compatibilityVersion = "Xcode 9.3";
			developmentRegion = en;
			hasScannedForEncodings = 0;
			knownRegions = (
				en,
				Base,
			);
			mainGroup = 29DEE74326C730C900E6D1AD;
			productRefGroup = 29DEE74D26C730C900E6D1AD /* Products */;
			projectDirPath = "";
			projectRoot = "";
			targets = (
				29DEE74B26C730C900E6D1AD /* SpatialAudioTest */,
			);
		};
/* End PBXProject section */

/* Begin PBXResourcesBuildPhase section */
		29DEE74A26C730C900E6D1AD /* Resources */ = {
			isa = PBXResourcesBuildPhase;
			buildActionMask = 2147483647;
			files = (
				29DEE75726C730CA00E6D1AD /* Preview Assets.xcassets in Resources */,
				29DEE75426C730CA00E6D1AD /* Assets.xcassets in Resources */,
			);
			runOnlyForDeploymentPostprocessing = 0;
		};
/* End PBXResourcesBuildPhase section */

/* Begin PBXSourcesBuildPhase section */
		29DEE74826C730C900E6D1AD /* Sources */ = {
			isa = PBXSourcesBuildPhase;
			buildActionMask = 2147483647;
			files = (
				29DEE75226C730C900E6D1AD /* ContentView.swift in Sources */,
				29DEE75026C730C900E6D1AD /* SpatialAudioTestApp.swift in Sources */,
				2930E72F26C7314300DF236E /* PlayerScene.swift in Sources */,
			);
			runOnlyForDeploymentPostprocessing = 0;
		};
/* End PBXSourcesBuildPhase section */

/* Begin XCBuildConfiguration section */
		29DEE75926C730CA00E6D1AD /* Debug */ = {
			isa = XCBuildConfiguration;
			buildSettings = {
				ALWAYS_SEARCH_USER_PATHS = NO;
				CLANG_ANALYZER_NONNULL = YES;
				CLANG_ANALYZER_NUMBER_OBJECT_CONVERSION = YES_AGGRESSIVE;
				CLANG_CXX_LANGUAGE_STANDARD = "gnu++14";
				CLANG_CXX_LIBRARY = "libc++";
				CLANG_ENABLE_MODULES = YES;
				CLANG_ENABLE_OBJC_ARC = YES;
				CLANG_ENABLE_OBJC_WEAK = YES;
				CLANG_WARN_BLOCK_CAPTURE_AUTORELEASING = YES;
				CLANG_WARN_BOOL_CONVERSION = YES;
				CLANG_WARN_COMMA = YES;
				CLANG_WARN_CONSTANT_CONVERSION = YES;
				CLANG_WARN_DEPRECATED_OBJC_IMPLEMENTATIONS = YES;
				CLANG_WARN_DIRECT_OBJC_ISA_USAGE = YES_ERROR;
				CLANG_WARN_DOCUMENTATION_COMMENTS = YES;
				CLANG_WARN_EMPTY_BODY = YES;
				CLANG_WARN_ENUM_CONVERSION = YES;
				CLANG_WARN_INFINITE_RECURSION = YES;
				CLANG_WARN_INT_CONVERSION = YES;
				CLANG_WARN_NON_LITERAL_NULL_CONVERSION = YES;
				CLANG_WARN_OBJC_IMPLICIT_RETAIN_SELF = YES;
				CLANG_WARN_OBJC_LITERAL_CONVERSION = YES;
				CLANG_WARN_OBJC_ROOT_CLASS = YES_ERROR;
				CLANG_WARN_QUOTED_INCLUDE_IN_FRAMEWORK_HEADER = YES;
				CLANG_WARN_RANGE_LOOP_ANALYSIS = YES;
				CLANG_WARN_STRICT_PROTOTYPES = YES;
				CLANG_WARN_SUSPICIOUS_MOVE = YES;
				CLANG_WARN_UNGUARDED_AVAILABILITY = YES_AGGRESSIVE;
				CLANG_WARN_UNREACHABLE_CODE = YES;
				CLANG_WARN__DUPLICATE_METHOD_MATCH = YES;
				COPY_PHASE_STRIP = NO;
				DEBUG_INFORMATION_FORMAT = dwarf;
				ENABLE_STRICT_OBJC_MSGSEND = YES;
				ENABLE_TESTABILITY = YES;
				GCC_C_LANGUAGE_STANDARD = gnu11;
				GCC_DYNAMIC_NO_PIC = NO;
				GCC_NO_COMMON_BLOCKS = YES;
				GCC_OPTIMIZATION_LEVEL = 0;
				GCC_PREPROCESSOR_DEFINITIONS = (
					"DEBUG=1",
					"$(inherited)",
				);
				GCC_WARN_64_TO_32_BIT_CONVERSION = YES;
				GCC_WARN_ABOUT_RETURN_TYPE = YES_ERROR;
				GCC_WARN_UNDECLARED_SELECTOR = YES;
				GCC_WARN_UNINITIALIZED_AUTOS = YES_AGGRESSIVE;
				GCC_WARN_UNUSED_FUNCTION = YES;
				GCC_WARN_UNUSED_VARIABLE = YES;
				IPHONEOS_DEPLOYMENT_TARGET = 14.5;
				MTL_ENABLE_DEBUG_INFO = INCLUDE_SOURCE;
				MTL_FAST_MATH = YES;
				ONLY_ACTIVE_ARCH = YES;
				SDKROOT = iphoneos;
				SWIFT_ACTIVE_COMPILATION_CONDITIONS = DEBUG;
				SWIFT_OPTIMIZATION_LEVEL = "-Onone";
			};
			name = Debug;
		};
		29DEE75A26C730CA00E6D1AD /* Release */ = {
			isa = XCBuildConfiguration;
			buildSettings = {
				ALWAYS_SEARCH_USER_PATHS = NO;
				CLANG_ANALYZER_NONNULL = YES;
				CLANG_ANALYZER_NUMBER_OBJECT_CONVERSION = YES_AGGRESSIVE;
				CLANG_CXX_LANGUAGE_STANDARD = "gnu++14";
				CLANG_CXX_LIBRARY = "libc++";
				CLANG_ENABLE_MODULES = YES;
				CLANG_ENABLE_OBJC_ARC = YES;
				CLANG_ENABLE_OBJC_WEAK = YES;
				CLANG_WARN_BLOCK_CAPTURE_AUTORELEASING = YES;
				CLANG_WARN_BOOL_CONVERSION = YES;
				CLANG_WARN_COMMA = YES;
				CLANG_WARN_CONSTANT_CONVERSION = YES;
				CLANG_WARN_DEPRECATED_OBJC_IMPLEMENTATIONS = YES;
				CLANG_WARN_DIRECT_OBJC_ISA_USAGE = YES_ERROR;
				CLANG_WARN_DOCUMENTATION_COMMENTS = YES;
				CLANG_WARN_EMPTY_BODY = YES;
				CLANG_WARN_ENUM_CONVERSION = YES;
				CLANG_WARN_INFINITE_RECURSION = YES;
				CLANG_WARN_INT_CONVERSION = YES;
				CLANG_WARN_NON_LITERAL_NULL_CONVERSION = YES;
				CLANG_WARN_OBJC_IMPLICIT_RETAIN_SELF = YES;
				CLANG_WARN_OBJC_LITERAL_CONVERSION = YES;
				CLANG_WARN_OBJC_ROOT_CLASS = YES_ERROR;
				CLANG_WARN_QUOTED_INCLUDE_IN_FRAMEWORK_HEADER = YES;
				CLANG_WARN_RANGE_LOOP_ANALYSIS = YES;
				CLANG_WARN_STRICT_PROTOTYPES = YES;
				CLANG_WARN_SUSPICIOUS_MOVE = YES;
				CLANG_WARN_UNGUARDED_AVAILABILITY = YES_AGGRESSIVE;
				CLANG_WARN_UNREACHABLE_CODE = YES;
				CLANG_WARN__DUPLICATE_METHOD_MATCH = YES;
				COPY_PHASE_STRIP = NO;
				DEBUG_INFORMATION_FORMAT = "dwarf-with-dsym";
				ENABLE_NS_ASSERTIONS = NO;
				ENABLE_STRICT_OBJC_MSGSEND = YES;
				GCC_C_LANGUAGE_STANDARD = gnu11;
				GCC_NO_COMMON_BLOCKS = YES;
				GCC_WARN_64_TO_32_BIT_CONVERSION = YES;
				GCC_WARN_ABOUT_RETURN_TYPE = YES_ERROR;
				GCC_WARN_UNDECLARED_SELECTOR = YES;
				GCC_WARN_UNINITIALIZED_AUTOS = YES_AGGRESSIVE;
				GCC_WARN_UNUSED_FUNCTION = YES;
				GCC_WARN_UNUSED_VARIABLE = YES;
				IPHONEOS_DEPLOYMENT_TARGET = 14.5;
				MTL_ENABLE_DEBUG_INFO = NO;
				MTL_FAST_MATH = YES;
				SDKROOT = iphoneos;
				SWIFT_COMPILATION_MODE = wholemodule;
				SWIFT_OPTIMIZATION_LEVEL = "-O";
				VALIDATE_PRODUCT = YES;
			};
			name = Release;
		};
		29DEE75C26C730CA00E6D1AD /* Debug */ = {
			isa = XCBuildConfiguration;
			buildSettings = {
				ASSETCATALOG_COMPILER_APPICON_NAME = AppIcon;
				ASSETCATALOG_COMPILER_GLOBAL_ACCENT_COLOR_NAME = AccentColor;
				CODE_SIGN_STYLE = Automatic;
				DEVELOPMENT_ASSET_PATHS = "\"SpatialAudioTest/Preview Content\"";
				DEVELOPMENT_TEAM = 239S9B35FM;
				ENABLE_PREVIEWS = YES;
				INFOPLIST_FILE = SpatialAudioTest/Info.plist;
				IPHONEOS_DEPLOYMENT_TARGET = 14.0;
				LD_RUNPATH_SEARCH_PATHS = (
					"$(inherited)",
					"@executable_path/Frameworks",
				);
				PRODUCT_BUNDLE_IDENTIFIER = com.viktorsec.SpatialAudioTest;
				PRODUCT_NAME = "$(TARGET_NAME)";
				SWIFT_VERSION = 5.0;
				TARGETED_DEVICE_FAMILY = "1,2";
			};
			name = Debug;
		};
		29DEE75D26C730CA00E6D1AD /* Release */ = {
			isa = XCBuildConfiguration;
			buildSettings = {
				ASSETCATALOG_COMPILER_APPICON_NAME = AppIcon;
				ASSETCATALOG_COMPILER_GLOBAL_ACCENT_COLOR_NAME = AccentColor;
				CODE_SIGN_STYLE = Automatic;
				DEVELOPMENT_ASSET_PATHS = "\"SpatialAudioTest/Preview Content\"";
				DEVELOPMENT_TEAM = 239S9B35FM;
				ENABLE_PREVIEWS = YES;
				INFOPLIST_FILE = SpatialAudioTest/Info.plist;
				IPHONEOS_DEPLOYMENT_TARGET = 14.0;
				LD_RUNPATH_SEARCH_PATHS = (
					"$(inherited)",
					"@executable_path/Frameworks",
				);
				PRODUCT_BUNDLE_IDENTIFIER = com.viktorsec.SpatialAudioTest;
				PRODUCT_NAME = "$(TARGET_NAME)";
				SWIFT_VERSION = 5.0;
				TARGETED_DEVICE_FAMILY = "1,2";
			};
			name = Release;
		};
/* End XCBuildConfiguration section */

/* Begin XCConfigurationList section */
		29DEE74726C730C900E6D1AD /* Build configuration list for PBXProject "SpatialAudioTest" */ = {
			isa = XCConfigurationList;
			buildConfigurations = (
				29DEE75926C730CA00E6D1AD /* Debug */,
				29DEE75A26C730CA00E6D1AD /* Release */,
			);
			defaultConfigurationIsVisible = 0;
			defaultConfigurationName = Release;
		};
		29DEE75B26C730CA00E6D1AD /* Build configuration list for PBXNativeTarget "SpatialAudioTest" */ = {
			isa = XCConfigurationList;
			buildConfigurations = (
				29DEE75C26C730CA00E6D1AD /* Debug */,
				29DEE75D26C730CA00E6D1AD /* Release */,
			);
			defaultConfigurationIsVisible = 0;
			defaultConfigurationName = Release;
		};
/* End XCConfigurationList section */
	};
	rootObject = 29DEE74426C730C900E6D1AD /* Project object */;
}
